<?xml version="1.0" encoding="utf-8"?>
<Project ToolsVersion="4.0" xmlns="http://schemas.microsoft.com/developer/msbuild/2003">
  <ItemGroup>
    <Filter Include="Header Files">
      <UniqueIdentifier>{84b911bf-1a32-4932-bacc-79e2aa627451}</UniqueIdentifier>
    </Filter>
    <Filter Include="Source Files">
      <UniqueIdentifier>{d457e20a-00a2-4140-8d18-bf40091f3d7f}</UniqueIdentifier>
    </Filter>
    <Filter Include="TwinCAT UM Files">
      <UniqueIdentifier>{784b839f-571e-4da4-83b4-c3a375b1cc18}</UniqueIdentifier>
    </Filter>
    <Filter Include="TwinCAT RT Files">
      <UniqueIdentifier>{b8171745-a3d9-4d84-a9c8-527f09058618}</UniqueIdentifier>
    </Filter>
    <Filter Include="TwinCAT OS Files">
      <UniqueIdentifier>{f0c689a0-c6db-4095-bede-4f6bd47b8731}</UniqueIdentifier>
    </Filter>
    <Filter Include="TMC Files">
      <UniqueIdentifier>{a34770c8-02ba-4e4b-b5a8-40e99ffa8791}</UniqueIdentifier>
    </Filter>
  </ItemGroup>
  <ItemGroup>
    <ClInclude Include="Resource.h">
      <Filter>TwinCAT UM Files</Filter>
    </ClInclude>
    <ClInclude Include="TcPch.h">
      <Filter>Header Files</Filter>
    </ClInclude>
    <ClInclude Include="VersionedProjectClassFactory.h">
      <Filter>Header Files</Filter>
    </ClInclude>
    <ClInclude Include="VersionedProjectInterfaces.h">
      <Filter>Header Files</Filter>
    </ClInclude>
    <ClInclude Include="VersionedProjectServices.h">
      <Filter>Header Files</Filter>
    </ClInclude>
    <ClInclude Include="VersionedProjectCtrl.h">
      <Filter>TwinCAT UM Files</Filter>
    </ClInclude>
    <ClInclude Include="VersionedProjectDriver.h">
      <Filter>TwinCAT RT Files</Filter>
    </ClInclude>
    <ClInclude Include="CyclicModule.h">
      <Filter>Header Files</Filter>
    </ClInclude>
    <ClInclude Include="Sentinel.h">
      <Filter>Header Files</Filter>
    </ClInclude>
  </ItemGroup>
  <ItemGroup>
    <ClCompile Include="TcPch.cpp">
      <Filter>Source Files</Filter>
    </ClCompile>
    <ClCompile Include="VersionedProjectClassFactory.cpp">
      <Filter>Source Files</Filter>
    </ClCompile>
    <ClCompile Include="VersionedProjectCtrl.cpp">
      <Filter>TwinCAT UM Files</Filter>
    </ClCompile>
    <ClCompile Include="VersionedProjectW32.cpp">
      <Filter>TwinCAT UM Files</Filter>
    </ClCompile>
    <ClCompile Include="VersionedProjectDriver.cpp">
      <Filter>TwinCAT RT Files</Filter>
    </ClCompile>
    <ClCompile Include="VersionedProjectMain.cpp">
      <Filter>TwinCAT OS Files</Filter>
    </ClCompile>
    <ClCompile Include="CyclicModule.cpp">
      <Filter>Source Files</Filter>
    </ClCompile>
    <ClCompile Include="Sentinel.cpp">
      <Filter>Source Files</Filter>
    </ClCompile>
  </ItemGroup>
  <ItemGroup>
    <ResourceCompile Include="VersionedProject.rc">
      <Filter>Source Files</Filter>
    </ResourceCompile>
    <ResourceCompile Include="VersionedProjectW32.rc">
      <Filter>TwinCAT UM Files</Filter>
    </ResourceCompile>
  </ItemGroup>
  <ItemGroup>
    <None Include="VersionedProjectW32.def">
      <Filter>TwinCAT UM Files</Filter>
    </None>
    <None Include="VersionedProject.tmc">
      <Filter>TMC Files</Filter>
    </None>
  </ItemGroup>
  <ItemGroup>
    <Midl Include="VersionedProjectW32.idl">
      <Filter>TwinCAT UM Files</Filter>
    </Midl>
  </ItemGroup>
</Project>